<?xml version="1.0" encoding="utf-8"?>
<Project ToolsVersion="4.0" xmlns="http://schemas.microsoft.com/developer/msbuild/2003">
  <ItemGroup>
    <Filter Include="Source Files">
      <UniqueIdentifier>{4FC737F1-C7A5-4376-A066-2A32D752A2FF}</UniqueIdentifier>
      <Extensions>cpp;c;cc;cxx;c++;cppm;ixx;def;odl;idl;hpj;bat;asm;asmx</Extensions>
    </Filter>
    <Filter Include="Resource Files">
      <UniqueIdentifier>{67DA6AB6-F800-4c08-8B7A-83BB121AAD01}</UniqueIdentifier>
      <Extensions>rc;ico;cur;bmp;dlg;rc2;rct;bin;rgs;gif;jpg;jpeg;jpe;resx;tiff;tif;png;wav;mfcribbon-ms</Extensions>
    </Filter>
    <Filter Include="Models">
      <UniqueIdentifier>{0038d0dd-9c76-4ff0-a388-dfe7b5e8b04b}</UniqueIdentifier>
    </Filter>
    <Filter Include="Package">
      <UniqueIdentifier>{5f5ab977-5a90-4622-ba56-cace0ddb4d97}</UniqueIdentifier>
    </Filter>
    <Filter Include="BinaryModule">
      <UniqueIdentifier>{d59a0d59-19bc-4f0f-bb38-129ce5141056}</UniqueIdentifier>
    </Filter>
    <Filter Include="AudioModule">
      <UniqueIdentifier>{f88978c1-d09f-4dba-b72f-5818ddd131f6}</UniqueIdentifier>
    </Filter>
    <Filter Include="TextModule">
      <UniqueIdentifier>{4b51cd87-36a7-4174-9d6c-4962bbf7b96b}</UniqueIdentifier>
    </Filter>
    <Filter Include="TextureModule">
      <UniqueIdentifier>{04aba524-4136-45dd-b78e-a30fcf6dcf7b}</UniqueIdentifier>
    </Filter>
    <Filter Include="globals">
      <UniqueIdentifier>{ffe2a57c-c14e-4502-8be1-6a2a6cca72d1}</UniqueIdentifier>
    </Filter>
    <Filter Include="Investment">
      <UniqueIdentifier>{5b101f1d-3dd8-4fb4-bd4a-3f624ca4c3c2}</UniqueIdentifier>
    </Filter>
    <Filter Include="Activities">
      <UniqueIdentifier>{32d75a15-b15e-47fe-b113-3fd6841fe20c}</UniqueIdentifier>
    </Filter>
  </ItemGroup>
  <ItemGroup>
    <ClCompile Include="main.cpp">
      <Filter>Source Files</Filter>
    </ClCompile>
    <ClCompile Include="Models.cpp">
      <Filter>Models</Filter>
    </ClCompile>
    <ClCompile Include="VertexBuffer.cpp">
      <Filter>Models</Filter>
    </ClCompile>
    <ClCompile Include="IndexBuffer.cpp">
      <Filter>Models</Filter>
    </ClCompile>
    <ClCompile Include="package.cpp">
      <Filter>Package</Filter>
    </ClCompile>
    <ClCompile Include="package_block.cpp">
      <Filter>Package</Filter>
    </ClCompile>
    <ClCompile Include="OodleDecompress.cpp">
      <Filter>Package</Filter>
    </ClCompile>
    <ClCompile Include="package_header.cpp">
      <Filter>Package</Filter>
    </ClCompile>
    <ClCompile Include="TextureModule.cpp">
      <Filter>TextureModule</Filter>
    </ClCompile>
    <ClCompile Include="AudioModule.cpp">
      <Filter>AudioModule</Filter>
    </ClCompile>
    <ClCompile Include="audio_structs.h">
      <Filter>AudioModule</Filter>
    </ClCompile>
    <ClCompile Include="TextModule.cpp">
      <Filter>TextModule</Filter>
    </ClCompile>
    <ClCompile Include="BinaryModule.cpp">
      <Filter>BinaryModule</Filter>
    </ClCompile>
    <ClCompile Include="InvestmentModule.cpp">
      <Filter>Investment</Filter>
    </ClCompile>
    <ClCompile Include="activity_structs.h">
      <Filter>Activities</Filter>
    </ClCompile>
    <ClCompile Include="ActivityModule.cpp">
      <Filter>Activities</Filter>
    </ClCompile>
  </ItemGroup>
  <ItemGroup>
    <ClInclude Include="Models.h">
      <Filter>Models</Filter>
    </ClInclude>
    <ClInclude Include="OodleDecompress.h">
      <Filter>Package</Filter>
    </ClInclude>
    <ClInclude Include="package.h">
      <Filter>Package</Filter>
    </ClInclude>
    <ClInclude Include="package_header.h">
      <Filter>Package</Filter>
    </ClInclude>
    <ClInclude Include="model_structs.h">
      <Filter>Models</Filter>
    </ClInclude>
    <ClInclude Include="VertexBuffer.h">
      <Filter>Models</Filter>
    </ClInclude>
    <ClInclude Include="IndexBuffer.h">
      <Filter>Models</Filter>
    </ClInclude>
    <ClInclude Include="texture_structs.h">
      <Filter>TextureModule</Filter>
    </ClInclude>
    <ClInclude Include="text_structs.h">
      <Filter>TextModule</Filter>
    </ClInclude>
    <ClInclude Include="memory.h">
      <Filter>globals</Filter>
    </ClInclude>
    <ClInclude Include="filereference.h">
      <Filter>globals</Filter>
    </ClInclude>
    <ClInclude Include="d2class.h">
      <Filter>globals</Filter>
    </ClInclude>
    <ClInclude Include="investment_structs.h">
      <Filter>Investment</Filter>
    </ClInclude>
  </ItemGroup>
  <ItemGroup>
    <None Include="packages.config" />
  </ItemGroup>
</Project>